
Microsoft Visual Studio Solution File, Format Version 12.00
# Visual Studio Version 17
VisualStudioVersion = 17.5.002.0
MinimumVisualStudioVersion = 10.0.40219.1
Project("{2150E333-8FDC-42A3-9474-1A3956D46DE8}") = "src", "src", "{62747F09-751C-4B3F-A8DC-354316596324}"
EndProject
Project("{9A19103F-16F7-4668-BE54-9A1E7A4F7556}") = "Chirp.CLI", "src\Chirp.CLI\Chirp.CLI.csproj", "{DCBBF291-1E18-4448-8446-A3C4CEA44966}"
EndProject
Project("{9A19103F-16F7-4668-BE54-9A1E7A4F7556}") = "CSVDBService", "src\CSVDBService\CSVDBService.csproj", "{CD774A7E-049F-4816-9CB5-33A90928CD71}"
EndProject
Project("{9A19103F-16F7-4668-BE54-9A1E7A4F7556}") = "SimpleDB", "src\SimpleDB\SimpleDB.csproj", "{84D1398F-69F9-4759-A90C-49AE8E5FFE83}"
EndProject
Project("{2150E333-8FDC-42A3-9474-1A3956D46DE8}") = "test", "test", "{6D2645F8-EFF4-4EFE-BF02-2465956A5430}"
EndProject
Project("{9A19103F-16F7-4668-BE54-9A1E7A4F7556}") = "Chirp.CLI.Test", "test\Chirp.CLI.Test\Chirp.CLI.Test.csproj", "{4CE7389A-0962-46DB-A35F-7B591961DE47}"
EndProject
Project("{9A19103F-16F7-4668-BE54-9A1E7A4F7556}") = "SimpleDB.Test", "test\SimpleDB.Test\SimpleDB.Test.csproj", "{DFA609AC-2009-4D11-A8EC-C9CB2BBE4986}"
EndProject
Project("{FAE04EC0-301F-11D3-BF4B-00C04F79EFBC}") = "Chirp.Razor", "src\Chirp.Razor\Chirp.Razor.csproj", "{7AB9609F-85C3-4A0A-90B4-118F65D2B2DB}"
EndProject
Project("{FAE04EC0-301F-11D3-BF4B-00C04F79EFBC}") = "Chirp.Razor.Test", "test\Chirp.Razor.Test\Chirp.Razor.Test.csproj", "{9DF886A1-63CA-40FD-8603-1EFFD73D6855}"
EndProject
Global
	GlobalSection(SolutionConfigurationPlatforms) = preSolution
		Debug|Any CPU = Debug|Any CPU
		Release|Any CPU = Release|Any CPU
	EndGlobalSection
	GlobalSection(ProjectConfigurationPlatforms) = postSolution
		{DCBBF291-1E18-4448-8446-A3C4CEA44966}.Debug|Any CPU.ActiveCfg = Debug|Any CPU
		{DCBBF291-1E18-4448-8446-A3C4CEA44966}.Debug|Any CPU.Build.0 = Debug|Any CPU
		{DCBBF291-1E18-4448-8446-A3C4CEA44966}.Release|Any CPU.ActiveCfg = Release|Any CPU
		{DCBBF291-1E18-4448-8446-A3C4CEA44966}.Release|Any CPU.Build.0 = Release|Any CPU
		{CD774A7E-049F-4816-9CB5-33A90928CD71}.Debug|Any CPU.ActiveCfg = Debug|Any CPU
		{CD774A7E-049F-4816-9CB5-33A90928CD71}.Debug|Any CPU.Build.0 = Debug|Any CPU
		{CD774A7E-049F-4816-9CB5-33A90928CD71}.Release|Any CPU.ActiveCfg = Release|Any CPU
		{CD774A7E-049F-4816-9CB5-33A90928CD71}.Release|Any CPU.Build.0 = Release|Any CPU
		{84D1398F-69F9-4759-A90C-49AE8E5FFE83}.Debug|Any CPU.ActiveCfg = Debug|Any CPU
		{84D1398F-69F9-4759-A90C-49AE8E5FFE83}.Debug|Any CPU.Build.0 = Debug|Any CPU
		{84D1398F-69F9-4759-A90C-49AE8E5FFE83}.Release|Any CPU.ActiveCfg = Release|Any CPU
		{84D1398F-69F9-4759-A90C-49AE8E5FFE83}.Release|Any CPU.Build.0 = Release|Any CPU
		{4CE7389A-0962-46DB-A35F-7B591961DE47}.Debug|Any CPU.ActiveCfg = Debug|Any CPU
		{4CE7389A-0962-46DB-A35F-7B591961DE47}.Debug|Any CPU.Build.0 = Debug|Any CPU
		{4CE7389A-0962-46DB-A35F-7B591961DE47}.Release|Any CPU.ActiveCfg = Release|Any CPU
		{4CE7389A-0962-46DB-A35F-7B591961DE47}.Release|Any CPU.Build.0 = Release|Any CPU
		{DFA609AC-2009-4D11-A8EC-C9CB2BBE4986}.Debug|Any CPU.ActiveCfg = Debug|Any CPU
		{DFA609AC-2009-4D11-A8EC-C9CB2BBE4986}.Debug|Any CPU.Build.0 = Debug|Any CPU
		{DFA609AC-2009-4D11-A8EC-C9CB2BBE4986}.Release|Any CPU.ActiveCfg = Release|Any CPU
		{DFA609AC-2009-4D11-A8EC-C9CB2BBE4986}.Release|Any CPU.Build.0 = Release|Any CPU
		{7AB9609F-85C3-4A0A-90B4-118F65D2B2DB}.Debug|Any CPU.ActiveCfg = Debug|Any CPU
		{7AB9609F-85C3-4A0A-90B4-118F65D2B2DB}.Debug|Any CPU.Build.0 = Debug|Any CPU
		{7AB9609F-85C3-4A0A-90B4-118F65D2B2DB}.Release|Any CPU.ActiveCfg = Release|Any CPU
		{7AB9609F-85C3-4A0A-90B4-118F65D2B2DB}.Release|Any CPU.Build.0 = Release|Any CPU
		{9DF886A1-63CA-40FD-8603-1EFFD73D6855}.Debug|Any CPU.ActiveCfg = Debug|Any CPU
		{9DF886A1-63CA-40FD-8603-1EFFD73D6855}.Debug|Any CPU.Build.0 = Debug|Any CPU
		{9DF886A1-63CA-40FD-8603-1EFFD73D6855}.Release|Any CPU.ActiveCfg = Release|Any CPU
		{9DF886A1-63CA-40FD-8603-1EFFD73D6855}.Release|Any CPU.Build.0 = Release|Any CPU
	EndGlobalSection
	GlobalSection(SolutionProperties) = preSolution
		HideSolutionNode = FALSE
	EndGlobalSection
	GlobalSection(NestedProjects) = preSolution
		{DCBBF291-1E18-4448-8446-A3C4CEA44966} = {62747F09-751C-4B3F-A8DC-354316596324}
		{CD774A7E-049F-4816-9CB5-33A90928CD71} = {62747F09-751C-4B3F-A8DC-354316596324}
		{84D1398F-69F9-4759-A90C-49AE8E5FFE83} = {62747F09-751C-4B3F-A8DC-354316596324}
		{4CE7389A-0962-46DB-A35F-7B591961DE47} = {6D2645F8-EFF4-4EFE-BF02-2465956A5430}
		{DFA609AC-2009-4D11-A8EC-C9CB2BBE4986} = {6D2645F8-EFF4-4EFE-BF02-2465956A5430}
		{7AB9609F-85C3-4A0A-90B4-118F65D2B2DB} = {62747F09-751C-4B3F-A8DC-354316596324}
		{9DF886A1-63CA-40FD-8603-1EFFD73D6855} = {6D2645F8-EFF4-4EFE-BF02-2465956A5430}
	EndGlobalSection
	GlobalSection(ExtensibilityGlobals) = postSolution
		SolutionGuid = {AA654387-BCB0-45C4-837E-5F59DFBF5643}
	EndGlobalSection
EndGlobal
